
Microsoft Visual Studio Solution File, Format Version 12.00
# Visual Studio Version 16
VisualStudioVersion = 25.0.1705.6
MinimumVisualStudioVersion = 10.0.40219.1
Project("{FAE04EC0-301F-11D3-BF4B-00C04F79EFBC}") = "Printing_OM_and_PM_system_back-end", "Printing_OM_and_PM_system_back-end.csproj", "{E48E6FA6-2CDA-4DD5-859D-9B7EA9EDF5FB}"
EndProject
Global
	GlobalSection(SolutionConfigurationPlatforms) = preSolution
		Debug|Any CPU = Debug|Any CPU
		Release|Any CPU = Release|Any CPU
	EndGlobalSection
	GlobalSection(ProjectConfigurationPlatforms) = postSolution
		{E48E6FA6-2CDA-4DD5-859D-9B7EA9EDF5FB}.Debug|Any CPU.ActiveCfg = Debug|Any CPU
		{E48E6FA6-2CDA-4DD5-859D-9B7EA9EDF5FB}.Debug|Any CPU.Build.0 = Debug|Any CPU
		{E48E6FA6-2CDA-4DD5-859D-9B7EA9EDF5FB}.Release|Any CPU.ActiveCfg = Release|Any CPU
		{E48E6FA6-2CDA-4DD5-859D-9B7EA9EDF5FB}.Release|Any CPU.Build.0 = Release|Any CPU
	EndGlobalSection
	GlobalSection(SolutionProperties) = preSolution
		HideSolutionNode = FALSE
	EndGlobalSection
	GlobalSection(ExtensibilityGlobals) = postSolution
		SolutionGuid = {88EF7A6B-6D69-4838-B18A-C3D114F25762}
	EndGlobalSection
EndGlobal
